
Microsoft Visual Studio Solution File, Format Version 12.00
# Visual Studio Version 16
VisualStudioVersion = 16.0.31424.327
MinimumVisualStudioVersion = 10.0.40219.1
Project("{9A19103F-16F7-4668-BE54-9A1E7A4F7556}") = "MovieInfoSystem", "MovieInfoSystem\MovieInfoSystem.csproj", "{351ED4A4-CFE6-4A33-9192-206E045D3528}"
EndProject
Global
	GlobalSection(SolutionConfigurationPlatforms) = preSolution
		Debug|Any CPU = Debug|Any CPU
		Release|Any CPU = Release|Any CPU
	EndGlobalSection
	GlobalSection(ProjectConfigurationPlatforms) = postSolution
		{351ED4A4-CFE6-4A33-9192-206E045D3528}.Debug|Any CPU.ActiveCfg = Debug|Any CPU
		{351ED4A4-CFE6-4A33-9192-206E045D3528}.Debug|Any CPU.Build.0 = Debug|Any CPU
		{351ED4A4-CFE6-4A33-9192-206E045D3528}.Release|Any CPU.ActiveCfg = Release|Any CPU
		{351ED4A4-CFE6-4A33-9192-206E045D3528}.Release|Any CPU.Build.0 = Release|Any CPU
	EndGlobalSection
	GlobalSection(SolutionProperties) = preSolution
		HideSolutionNode = FALSE
	EndGlobalSection
	GlobalSection(ExtensibilityGlobals) = postSolution
		SolutionGuid = {10494172-D956-4987-B7D8-7F9249E51D72}
	EndGlobalSection
EndGlobal
